
Microsoft Visual Studio Solution File, Format Version 12.00
# Visual Studio Version 16
VisualStudioVersion = 16.0.29911.84
MinimumVisualStudioVersion = 10.0.40219.1
Project("{FAE04EC0-301F-11D3-BF4B-00C04F79EFBC}") = "TUF_2000M_API", "TUF_2000M_API\TUF_2000M_API.csproj", "{4F4EBBC6-71EA-4811-8F44-63FC5817FDC1}"
EndProject
Global
	GlobalSection(SolutionConfigurationPlatforms) = preSolution
		Debug|Any CPU = Debug|Any CPU
		Release|Any CPU = Release|Any CPU
	EndGlobalSection
	GlobalSection(ProjectConfigurationPlatforms) = postSolution
		{4F4EBBC6-71EA-4811-8F44-63FC5817FDC1}.Debug|Any CPU.ActiveCfg = Debug|Any CPU
		{4F4EBBC6-71EA-4811-8F44-63FC5817FDC1}.Debug|Any CPU.Build.0 = Debug|Any CPU
		{4F4EBBC6-71EA-4811-8F44-63FC5817FDC1}.Release|Any CPU.ActiveCfg = Release|Any CPU
		{4F4EBBC6-71EA-4811-8F44-63FC5817FDC1}.Release|Any CPU.Build.0 = Release|Any CPU
	EndGlobalSection
	GlobalSection(SolutionProperties) = preSolution
		HideSolutionNode = FALSE
	EndGlobalSection
	GlobalSection(ExtensibilityGlobals) = postSolution
		SolutionGuid = {B894175B-A469-4FA6-9A5F-443BECADFB58}
	EndGlobalSection
EndGlobal
